// !$*UTF8*$!
{
	archiveVersion = 1;
	classes = {
	};
	objectVersion = 46;
	objects = {

/* Begin PBXBuildFile section */
		CED3D90E191D06C400624E6F /* Foundation.framework in Frameworks */ = {isa = PBXBuildFile; fileRef = CED3D90D191D06C400624E6F /* Foundation.framework */; };
		CED3D910191D06C400624E6F /* CoreGraphics.framework in Frameworks */ = {isa = PBXBuildFile; fileRef = CED3D90F191D06C400624E6F /* CoreGraphics.framework */; };
		CED3D912191D06C400624E6F /* UIKit.framework in Frameworks */ = {isa = PBXBuildFile; fileRef = CED3D911191D06C400624E6F /* UIKit.framework */; };
		CED3D918191D06C400624E6F /* InfoPlist.strings in Resources */ = {isa = PBXBuildFile; fileRef = CED3D916191D06C400624E6F /* InfoPlist.strings */; };
		CED3D91A191D06C400624E6F /* main.m in Sources */ = {isa = PBXBuildFile; fileRef = CED3D919191D06C400624E6F /* main.m */; };
		CED3D91E191D06C400624E6F /* AppDelegate.m in Sources */ = {isa = PBXBuildFile; fileRef = CED3D91D191D06C400624E6F /* AppDelegate.m */; };
		CED3D926191D06C400624E6F /* Images.xcassets in Resources */ = {isa = PBXBuildFile; fileRef = CED3D925191D06C400624E6F /* Images.xcassets */; };
		CED3D92D191D06C400624E6F /* XCTest.framework in Frameworks */ = {isa = PBXBuildFile; fileRef = CED3D92C191D06C400624E6F /* XCTest.framework */; };
		CED3D92E191D06C400624E6F /* Foundation.framework in Frameworks */ = {isa = PBXBuildFile; fileRef = CED3D90D191D06C400624E6F /* Foundation.framework */; };
		CED3D92F191D06C400624E6F /* UIKit.framework in Frameworks */ = {isa = PBXBuildFile; fileRef = CED3D911191D06C400624E6F /* UIKit.framework */; };
		CED3D937191D06C400624E6F /* InfoPlist.strings in Resources */ = {isa = PBXBuildFile; fileRef = CED3D935191D06C400624E6F /* InfoPlist.strings */; };
		CED3D939191D06C400624E6F /* PhotoReminderNewTests.m in Sources */ = {isa = PBXBuildFile; fileRef = CED3D938191D06C400624E6F /* PhotoReminderNewTests.m */; };
		CED3D943191D078A00624E6F /* MainStoryboard.storyboard in Resources */ = {isa = PBXBuildFile; fileRef = CED3D942191D078A00624E6F /* MainStoryboard.storyboard */; };
		CED3D966191D085B00624E6F /* autocompleteButton.png in Resources */ = {isa = PBXBuildFile; fileRef = CED3D944191D085B00624E6F /* autocompleteButton.png */; };
		CED3D967191D085B00624E6F /* autocompleteButton@2x.png in Resources */ = {isa = PBXBuildFile; fileRef = CED3D945191D085B00624E6F /* autocompleteButton@2x.png */; };
		CED3D968191D085B00624E6F /* noimage.jpg in Resources */ = {isa = PBXBuildFile; fileRef = CED3D946191D085B00624E6F /* noimage.jpg */; };
		CED3D969191D085B00624E6F /* settings-25.png in Resources */ = {isa = PBXBuildFile; fileRef = CED3D947191D085B00624E6F /* settings-25.png */; };
		CED3D96A191D085B00624E6F /* nko_brightness_guide.png in Resources */ = {isa = PBXBuildFile; fileRef = CED3D948191D085B00624E6F /* nko_brightness_guide.png */; };
		CED3D96B191D085B00624E6F /* nko_colormap.png in Resources */ = {isa = PBXBuildFile; fileRef = CED3D949191D085B00624E6F /* nko_colormap.png */; };
		CED3D96C191D085B00624E6F /* slr_camera-24.png in Resources */ = {isa = PBXBuildFile; fileRef = CED3D94A191D085B00624E6F /* slr_camera-24.png */; };
		CED3D96D191D085B00624E6F /* slr_small_lens-25.png in Resources */ = {isa = PBXBuildFile; fileRef = CED3D94B191D085B00624E6F /* slr_small_lens-25.png */; };
		CED3D96E191D085B00624E6F /* note-26.png in Resources */ = {isa = PBXBuildFile; fileRef = CED3D94C191D085B00624E6F /* note-26.png */; };
		CED3D96F191D085B00624E6F /* bed-25.png in Resources */ = {isa = PBXBuildFile; fileRef = CED3D94D191D085B00624E6F /* bed-25.png */; };
		CED3D970191D085B00624E6F /* play-32.png in Resources */ = {isa = PBXBuildFile; fileRef = CED3D94E191D085B00624E6F /* play-32.png */; };
		CED3D971191D085B00624E6F /* marco.png in Resources */ = {isa = PBXBuildFile; fileRef = CED3D94F191D085B00624E6F /* marco.png */; };
		CED3D972191D085B00624E6F /* ok-26.png in Resources */ = {isa = PBXBuildFile; fileRef = CED3D950191D085B00624E6F /* ok-26.png */; };
		CED3D973191D085B00624E6F /* done-checked.png in Resources */ = {isa = PBXBuildFile; fileRef = CED3D951191D085B00624E6F /* done-checked.png */; };
		CED3D974191D085B00624E6F /* micro-25.png in Resources */ = {isa = PBXBuildFile; fileRef = CED3D952191D085B00624E6F /* micro-25.png */; };
		CED3D975191D085B00624E6F /* micro-32.png in Resources */ = {isa = PBXBuildFile; fileRef = CED3D953191D085B00624E6F /* micro-32.png */; };
		CED3D976191D085B00624E6F /* setting.png in Resources */ = {isa = PBXBuildFile; fileRef = CED3D954191D085B00624E6F /* setting.png */; };
		CED3D977191D085B00624E6F /* icon_settings.png in Resources */ = {isa = PBXBuildFile; fileRef = CED3D955191D085B00624E6F /* icon_settings.png */; };
		CED3D978191D085B00624E6F /* Circle_Blue.png in Resources */ = {isa = PBXBuildFile; fileRef = CED3D956191D085B00624E6F /* Circle_Blue.png */; };
		CED3D979191D085B00624E6F /* Record B.png in Resources */ = {isa = PBXBuildFile; fileRef = CED3D957191D085B00624E6F /* Record B.png */; };
		CED3D97A191D085B00624E6F /* microphone.png in Resources */ = {isa = PBXBuildFile; fileRef = CED3D958191D085B00624E6F /* microphone.png */; };
		CED3D97B191D085B00624E6F /* notes.jpg in Resources */ = {isa = PBXBuildFile; fileRef = CED3D959191D085B00624E6F /* notes.jpg */; };
		CED3D97C191D085B00624E6F /* people.jpg in Resources */ = {isa = PBXBuildFile; fileRef = CED3D95A191D085B00624E6F /* people.jpg */; };
		CED3D97D191D085B00624E6F /* media_record.png in Resources */ = {isa = PBXBuildFile; fileRef = CED3D95B191D085B00624E6F /* media_record.png */; };
		CED3D97E191D085B00624E6F /* shopping.jpg in Resources */ = {isa = PBXBuildFile; fileRef = CED3D95C191D085B00624E6F /* shopping.jpg */; };
		CED3D97F191D085B00624E6F /* todo.jpg in Resources */ = {isa = PBXBuildFile; fileRef = CED3D95D191D085B00624E6F /* todo.jpg */; };
		CED3D980191D085B00624E6F /* vheicle.jpg in Resources */ = {isa = PBXBuildFile; fileRef = CED3D95E191D085B00624E6F /* vheicle.jpg */; };
		CED3D981191D085B00624E6F /* cell_bottom.png in Resources */ = {isa = PBXBuildFile; fileRef = CED3D95F191D085B00624E6F /* cell_bottom.png */; };
		CED3D982191D085B00624E6F /* cell_bottom@2x.png in Resources */ = {isa = PBXBuildFile; fileRef = CED3D960191D085B00624E6F /* cell_bottom@2x.png */; };
		CED3D983191D085B00624E6F /* cell_middle.png in Resources */ = {isa = PBXBuildFile; fileRef = CED3D961191D085B00624E6F /* cell_middle.png */; };
		CED3D984191D085B00624E6F /* cell_middle@2x.png in Resources */ = {isa = PBXBuildFile; fileRef = CED3D962191D085B00624E6F /* cell_middle@2x.png */; };
		CED3D985191D085B00624E6F /* cell_top_tile.png in Resources */ = {isa = PBXBuildFile; fileRef = CED3D963191D085B00624E6F /* cell_top_tile.png */; };
		CED3D986191D085B00624E6F /* cell_top.png in Resources */ = {isa = PBXBuildFile; fileRef = CED3D964191D085B00624E6F /* cell_top.png */; };
		CED3D987191D085B00624E6F /* cell_top@2x.png in Resources */ = {isa = PBXBuildFile; fileRef = CED3D965191D085B00624E6F /* cell_top@2x.png */; };
/* End PBXBuildFile section */

/* Begin PBXContainerItemProxy section */
		CED3D930191D06C400624E6F /* PBXContainerItemProxy */ = {
			isa = PBXContainerItemProxy;
			containerPortal = CED3D902191D06C400624E6F /* Project object */;
			proxyType = 1;
			remoteGlobalIDString = CED3D909191D06C400624E6F;
			remoteInfo = PhotoReminderNew;
		};
/* End PBXContainerItemProxy section */

/* Begin PBXFileReference section */
		CED3D90A191D06C400624E6F /* PhotoReminderNew.app */ = {isa = PBXFileReference; explicitFileType = wrapper.application; includeInIndex = 0; path = PhotoReminderNew.app; sourceTree = BUILT_PRODUCTS_DIR; };
		CED3D90D191D06C400624E6F /* Foundation.framework */ = {isa = PBXFileReference; lastKnownFileType = wrapper.framework; name = Foundation.framework; path = System/Library/Frameworks/Foundation.framework; sourceTree = SDKROOT; };
		CED3D90F191D06C400624E6F /* CoreGraphics.framework */ = {isa = PBXFileReference; lastKnownFileType = wrapper.framework; name = CoreGraphics.framework; path = System/Library/Frameworks/CoreGraphics.framework; sourceTree = SDKROOT; };
		CED3D911191D06C400624E6F /* UIKit.framework */ = {isa = PBXFileReference; lastKnownFileType = wrapper.framework; name = UIKit.framework; path = System/Library/Frameworks/UIKit.framework; sourceTree = SDKROOT; };
		CED3D915191D06C400624E6F /* PhotoReminderNew-Info.plist */ = {isa = PBXFileReference; lastKnownFileType = text.plist.xml; path = "PhotoReminderNew-Info.plist"; sourceTree = "<group>"; };
		CED3D917191D06C400624E6F /* en */ = {isa = PBXFileReference; lastKnownFileType = text.plist.strings; name = en; path = en.lproj/InfoPlist.strings; sourceTree = "<group>"; };
		CED3D919191D06C400624E6F /* main.m */ = {isa = PBXFileReference; lastKnownFileType = sourcecode.c.objc; path = main.m; sourceTree = "<group>"; };
		CED3D91B191D06C400624E6F /* PhotoReminderNew-Prefix.pch */ = {isa = PBXFileReference; lastKnownFileType = sourcecode.c.h; path = "PhotoReminderNew-Prefix.pch"; sourceTree = "<group>"; };
		CED3D91C191D06C400624E6F /* AppDelegate.h */ = {isa = PBXFileReference; lastKnownFileType = sourcecode.c.h; path = AppDelegate.h; sourceTree = "<group>"; };
		CED3D91D191D06C400624E6F /* AppDelegate.m */ = {isa = PBXFileReference; lastKnownFileType = sourcecode.c.objc; path = AppDelegate.m; sourceTree = "<group>"; };
		CED3D925191D06C400624E6F /* Images.xcassets */ = {isa = PBXFileReference; lastKnownFileType = folder.assetcatalog; path = Images.xcassets; sourceTree = "<group>"; };
		CED3D92B191D06C400624E6F /* PhotoReminderNewTests.xctest */ = {isa = PBXFileReference; explicitFileType = wrapper.cfbundle; includeInIndex = 0; path = PhotoReminderNewTests.xctest; sourceTree = BUILT_PRODUCTS_DIR; };
		CED3D92C191D06C400624E6F /* XCTest.framework */ = {isa = PBXFileReference; lastKnownFileType = wrapper.framework; name = XCTest.framework; path = Library/Frameworks/XCTest.framework; sourceTree = DEVELOPER_DIR; };
		CED3D934191D06C400624E6F /* PhotoReminderNewTests-Info.plist */ = {isa = PBXFileReference; lastKnownFileType = text.plist.xml; path = "PhotoReminderNewTests-Info.plist"; sourceTree = "<group>"; };
		CED3D936191D06C400624E6F /* en */ = {isa = PBXFileReference; lastKnownFileType = text.plist.strings; name = en; path = en.lproj/InfoPlist.strings; sourceTree = "<group>"; };
		CED3D938191D06C400624E6F /* PhotoReminderNewTests.m */ = {isa = PBXFileReference; lastKnownFileType = sourcecode.c.objc; path = PhotoReminderNewTests.m; sourceTree = "<group>"; };
		CED3D942191D078A00624E6F /* MainStoryboard.storyboard */ = {isa = PBXFileReference; fileEncoding = 4; lastKnownFileType = file.storyboard; path = MainStoryboard.storyboard; sourceTree = "<group>"; };
		CED3D944191D085B00624E6F /* autocompleteButton.png */ = {isa = PBXFileReference; lastKnownFileType = image.png; path = autocompleteButton.png; sourceTree = "<group>"; };
		CED3D945191D085B00624E6F /* autocompleteButton@2x.png */ = {isa = PBXFileReference; lastKnownFileType = image.png; path = "autocompleteButton@2x.png"; sourceTree = "<group>"; };
		CED3D946191D085B00624E6F /* noimage.jpg */ = {isa = PBXFileReference; lastKnownFileType = image.jpeg; path = noimage.jpg; sourceTree = "<group>"; };
		CED3D947191D085B00624E6F /* settings-25.png */ = {isa = PBXFileReference; lastKnownFileType = image.png; path = "settings-25.png"; sourceTree = "<group>"; };
		CED3D948191D085B00624E6F /* nko_brightness_guide.png */ = {isa = PBXFileReference; lastKnownFileType = image.png; path = nko_brightness_guide.png; sourceTree = "<group>"; };
		CED3D949191D085B00624E6F /* nko_colormap.png */ = {isa = PBXFileReference; lastKnownFileType = image.png; path = nko_colormap.png; sourceTree = "<group>"; };
		CED3D94A191D085B00624E6F /* slr_camera-24.png */ = {isa = PBXFileReference; lastKnownFileType = image.png; path = "slr_camera-24.png"; sourceTree = "<group>"; };
		CED3D94B191D085B00624E6F /* slr_small_lens-25.png */ = {isa = PBXFileReference; lastKnownFileType = image.png; path = "slr_small_lens-25.png"; sourceTree = "<group>"; };
		CED3D94C191D085B00624E6F /* note-26.png */ = {isa = PBXFileReference; lastKnownFileType = image.png; path = "note-26.png"; sourceTree = "<group>"; };
		CED3D94D191D085B00624E6F /* bed-25.png */ = {isa = PBXFileReference; lastKnownFileType = image.png; path = "bed-25.png"; sourceTree = "<group>"; };
		CED3D94E191D085B00624E6F /* play-32.png */ = {isa = PBXFileReference; lastKnownFileType = image.png; path = "play-32.png"; sourceTree = "<group>"; };
		CED3D94F191D085B00624E6F /* marco.png */ = {isa = PBXFileReference; lastKnownFileType = image.png; path = marco.png; sourceTree = "<group>"; };
		CED3D950191D085B00624E6F /* ok-26.png */ = {isa = PBXFileReference; lastKnownFileType = image.png; path = "ok-26.png"; sourceTree = "<group>"; };
		CED3D951191D085B00624E6F /* done-checked.png */ = {isa = PBXFileReference; lastKnownFileType = image.png; path = "done-checked.png"; sourceTree = "<group>"; };
		CED3D952191D085B00624E6F /* micro-25.png */ = {isa = PBXFileReference; lastKnownFileType = image.png; path = "micro-25.png"; sourceTree = "<group>"; };
		CED3D953191D085B00624E6F /* micro-32.png */ = {isa = PBXFileReference; lastKnownFileType = image.png; path = "micro-32.png"; sourceTree = "<group>"; };
		CED3D954191D085B00624E6F /* setting.png */ = {isa = PBXFileReference; lastKnownFileType = image.png; path = setting.png; sourceTree = "<group>"; };
		CED3D955191D085B00624E6F /* icon_settings.png */ = {isa = PBXFileReference; lastKnownFileType = image.png; path = icon_settings.png; sourceTree = "<group>"; };
		CED3D956191D085B00624E6F /* Circle_Blue.png */ = {isa = PBXFileReference; lastKnownFileType = image.png; path = Circle_Blue.png; sourceTree = "<group>"; };
		CED3D957191D085B00624E6F /* Record B.png */ = {isa = PBXFileReference; lastKnownFileType = image.png; path = "Record B.png"; sourceTree = "<group>"; };
		CED3D958191D085B00624E6F /* microphone.png */ = {isa = PBXFileReference; lastKnownFileType = image.png; path = microphone.png; sourceTree = "<group>"; };
		CED3D959191D085B00624E6F /* notes.jpg */ = {isa = PBXFileReference; lastKnownFileType = image.jpeg; path = notes.jpg; sourceTree = "<group>"; };
		CED3D95A191D085B00624E6F /* people.jpg */ = {isa = PBXFileReference; lastKnownFileType = image.jpeg; path = people.jpg; sourceTree = "<group>"; };
		CED3D95B191D085B00624E6F /* media_record.png */ = {isa = PBXFileReference; lastKnownFileType = image.png; path = media_record.png; sourceTree = "<group>"; };
		CED3D95C191D085B00624E6F /* shopping.jpg */ = {isa = PBXFileReference; lastKnownFileType = image.jpeg; path = shopping.jpg; sourceTree = "<group>"; };
		CED3D95D191D085B00624E6F /* todo.jpg */ = {isa = PBXFileReference; lastKnownFileType = image.jpeg; path = todo.jpg; sourceTree = "<group>"; };
		CED3D95E191D085B00624E6F /* vheicle.jpg */ = {isa = PBXFileReference; lastKnownFileType = image.jpeg; path = vheicle.jpg; sourceTree = "<group>"; };
		CED3D95F191D085B00624E6F /* cell_bottom.png */ = {isa = PBXFileReference; lastKnownFileType = image.png; path = cell_bottom.png; sourceTree = "<group>"; };
		CED3D960191D085B00624E6F /* cell_bottom@2x.png */ = {isa = PBXFileReference; lastKnownFileType = image.png; path = "cell_bottom@2x.png"; sourceTree = "<group>"; };
		CED3D961191D085B00624E6F /* cell_middle.png */ = {isa = PBXFileReference; lastKnownFileType = image.png; path = cell_middle.png; sourceTree = "<group>"; };
		CED3D962191D085B00624E6F /* cell_middle@2x.png */ = {isa = PBXFileReference; lastKnownFileType = image.png; path = "cell_middle@2x.png"; sourceTree = "<group>"; };
		CED3D963191D085B00624E6F /* cell_top_tile.png */ = {isa = PBXFileReference; lastKnownFileType = image.png; path = cell_top_tile.png; sourceTree = "<group>"; };
		CED3D964191D085B00624E6F /* cell_top.png */ = {isa = PBXFileReference; lastKnownFileType = image.png; path = cell_top.png; sourceTree = "<group>"; };
		CED3D965191D085B00624E6F /* cell_top@2x.png */ = {isa = PBXFileReference; lastKnownFileType = image.png; path = "cell_top@2x.png"; sourceTree = "<group>"; };
/* End PBXFileReference section */

/* Begin PBXFrameworksBuildPhase section */
		CED3D907191D06C400624E6F /* Frameworks */ = {
			isa = PBXFrameworksBuildPhase;
			buildActionMask = 2147483647;
			files = (
				CED3D910191D06C400624E6F /* CoreGraphics.framework in Frameworks */,
				CED3D912191D06C400624E6F /* UIKit.framework in Frameworks */,
				CED3D90E191D06C400624E6F /* Foundation.framework in Frameworks */,
			);
			runOnlyForDeploymentPostprocessing = 0;
		};
		CED3D928191D06C400624E6F /* Frameworks */ = {
			isa = PBXFrameworksBuildPhase;
			buildActionMask = 2147483647;
			files = (
				CED3D92D191D06C400624E6F /* XCTest.framework in Frameworks */,
				CED3D92F191D06C400624E6F /* UIKit.framework in Frameworks */,
				CED3D92E191D06C400624E6F /* Foundation.framework in Frameworks */,
			);
			runOnlyForDeploymentPostprocessing = 0;
		};
/* End PBXFrameworksBuildPhase section */

/* Begin PBXGroup section */
		CED3D901191D06C400624E6F = {
			isa = PBXGroup;
			children = (
				CED3D913191D06C400624E6F /* PhotoReminderNew */,
				CED3D932191D06C400624E6F /* PhotoReminderNewTests */,
				CED3D90C191D06C400624E6F /* Frameworks */,
				CED3D90B191D06C400624E6F /* Products */,
			);
			sourceTree = "<group>";
		};
		CED3D90B191D06C400624E6F /* Products */ = {
			isa = PBXGroup;
			children = (
				CED3D90A191D06C400624E6F /* PhotoReminderNew.app */,
				CED3D92B191D06C400624E6F /* PhotoReminderNewTests.xctest */,
			);
			name = Products;
			sourceTree = "<group>";
		};
		CED3D90C191D06C400624E6F /* Frameworks */ = {
			isa = PBXGroup;
			children = (
				CED3D90D191D06C400624E6F /* Foundation.framework */,
				CED3D90F191D06C400624E6F /* CoreGraphics.framework */,
				CED3D911191D06C400624E6F /* UIKit.framework */,
				CED3D92C191D06C400624E6F /* XCTest.framework */,
			);
			name = Frameworks;
			sourceTree = "<group>";
		};
		CED3D913191D06C400624E6F /* PhotoReminderNew */ = {
			isa = PBXGroup;
			children = (
				CED3D942191D078A00624E6F /* MainStoryboard.storyboard */,
				CED3D91C191D06C400624E6F /* AppDelegate.h */,
				CED3D91D191D06C400624E6F /* AppDelegate.m */,
				CED3D925191D06C400624E6F /* Images.xcassets */,
				CED3D914191D06C400624E6F /* Supporting Files */,
			);
			path = PhotoReminderNew;
			sourceTree = "<group>";
		};
		CED3D914191D06C400624E6F /* Supporting Files */ = {
			isa = PBXGroup;
			children = (
				CED3D944191D085B00624E6F /* autocompleteButton.png */,
				CED3D945191D085B00624E6F /* autocompleteButton@2x.png */,
				CED3D946191D085B00624E6F /* noimage.jpg */,
				CED3D947191D085B00624E6F /* settings-25.png */,
				CED3D948191D085B00624E6F /* nko_brightness_guide.png */,
				CED3D949191D085B00624E6F /* nko_colormap.png */,
				CED3D94A191D085B00624E6F /* slr_camera-24.png */,
				CED3D94B191D085B00624E6F /* slr_small_lens-25.png */,
				CED3D94C191D085B00624E6F /* note-26.png */,
				CED3D94D191D085B00624E6F /* bed-25.png */,
				CED3D94E191D085B00624E6F /* play-32.png */,
				CED3D94F191D085B00624E6F /* marco.png */,
				CED3D950191D085B00624E6F /* ok-26.png */,
				CED3D951191D085B00624E6F /* done-checked.png */,
				CED3D952191D085B00624E6F /* micro-25.png */,
				CED3D953191D085B00624E6F /* micro-32.png */,
				CED3D954191D085B00624E6F /* setting.png */,
				CED3D955191D085B00624E6F /* icon_settings.png */,
				CED3D956191D085B00624E6F /* Circle_Blue.png */,
				CED3D957191D085B00624E6F /* Record B.png */,
				CED3D958191D085B00624E6F /* microphone.png */,
				CED3D959191D085B00624E6F /* notes.jpg */,
				CED3D95A191D085B00624E6F /* people.jpg */,
				CED3D95B191D085B00624E6F /* media_record.png */,
				CED3D95C191D085B00624E6F /* shopping.jpg */,
				CED3D95D191D085B00624E6F /* todo.jpg */,
				CED3D95E191D085B00624E6F /* vheicle.jpg */,
				CED3D95F191D085B00624E6F /* cell_bottom.png */,
				CED3D960191D085B00624E6F /* cell_bottom@2x.png */,
				CED3D961191D085B00624E6F /* cell_middle.png */,
				CED3D962191D085B00624E6F /* cell_middle@2x.png */,
				CED3D963191D085B00624E6F /* cell_top_tile.png */,
				CED3D964191D085B00624E6F /* cell_top.png */,
				CED3D965191D085B00624E6F /* cell_top@2x.png */,
				CED3D915191D06C400624E6F /* PhotoReminderNew-Info.plist */,
				CED3D916191D06C400624E6F /* InfoPlist.strings */,
				CED3D919191D06C400624E6F /* main.m */,
				CED3D91B191D06C400624E6F /* PhotoReminderNew-Prefix.pch */,
			);
			name = "Supporting Files";
			sourceTree = "<group>";
		};
		CED3D932191D06C400624E6F /* PhotoReminderNewTests */ = {
			isa = PBXGroup;
			children = (
				CED3D938191D06C400624E6F /* PhotoReminderNewTests.m */,
				CED3D933191D06C400624E6F /* Supporting Files */,
			);
			path = PhotoReminderNewTests;
			sourceTree = "<group>";
		};
		CED3D933191D06C400624E6F /* Supporting Files */ = {
			isa = PBXGroup;
			children = (
				CED3D934191D06C400624E6F /* PhotoReminderNewTests-Info.plist */,
				CED3D935191D06C400624E6F /* InfoPlist.strings */,
			);
			name = "Supporting Files";
			sourceTree = "<group>";
		};
/* End PBXGroup section */

/* Begin PBXNativeTarget section */
		CED3D909191D06C400624E6F /* PhotoReminderNew */ = {
			isa = PBXNativeTarget;
			buildConfigurationList = CED3D93C191D06C400624E6F /* Build configuration list for PBXNativeTarget "PhotoReminderNew" */;
			buildPhases = (
				CED3D906191D06C400624E6F /* Sources */,
				CED3D907191D06C400624E6F /* Frameworks */,
				CED3D908191D06C400624E6F /* Resources */,
			);
			buildRules = (
			);
			dependencies = (
			);
			name = PhotoReminderNew;
			productName = PhotoReminderNew;
			productReference = CED3D90A191D06C400624E6F /* PhotoReminderNew.app */;
			productType = "com.apple.product-type.application";
		};
		CED3D92A191D06C400624E6F /* PhotoReminderNewTests */ = {
			isa = PBXNativeTarget;
			buildConfigurationList = CED3D93F191D06C400624E6F /* Build configuration list for PBXNativeTarget "PhotoReminderNewTests" */;
			buildPhases = (
				CED3D927191D06C400624E6F /* Sources */,
				CED3D928191D06C400624E6F /* Frameworks */,
				CED3D929191D06C400624E6F /* Resources */,
			);
			buildRules = (
			);
			dependencies = (
				CED3D931191D06C400624E6F /* PBXTargetDependency */,
			);
			name = PhotoReminderNewTests;
			productName = PhotoReminderNewTests;
			productReference = CED3D92B191D06C400624E6F /* PhotoReminderNewTests.xctest */;
			productType = "com.apple.product-type.bundle.unit-test";
		};
/* End PBXNativeTarget section */

/* Begin PBXProject section */
		CED3D902191D06C400624E6F /* Project object */ = {
			isa = PBXProject;
			attributes = {
				LastUpgradeCheck = 0510;
				ORGANIZATIONNAME = sybernetsoft;
				TargetAttributes = {
					CED3D92A191D06C400624E6F = {
						TestTargetID = CED3D909191D06C400624E6F;
					};
				};
			};
			buildConfigurationList = CED3D905191D06C400624E6F /* Build configuration list for PBXProject "PhotoReminderNew" */;
			compatibilityVersion = "Xcode 3.2";
			developmentRegion = English;
			hasScannedForEncodings = 0;
			knownRegions = (
				en,
				Base,
			);
			mainGroup = CED3D901191D06C400624E6F;
			productRefGroup = CED3D90B191D06C400624E6F /* Products */;
			projectDirPath = "";
			projectRoot = "";
			targets = (
				CED3D909191D06C400624E6F /* PhotoReminderNew */,
				CED3D92A191D06C400624E6F /* PhotoReminderNewTests */,
			);
		};
/* End PBXProject section */

/* Begin PBXResourcesBuildPhase section */
		CED3D908191D06C400624E6F /* Resources */ = {
			isa = PBXResourcesBuildPhase;
			buildActionMask = 2147483647;
			files = (
				CED3D981191D085B00624E6F /* cell_bottom.png in Resources */,
				CED3D97C191D085B00624E6F /* people.jpg in Resources */,
				CED3D96F191D085B00624E6F /* bed-25.png in Resources */,
				CED3D982191D085B00624E6F /* cell_bottom@2x.png in Resources */,
				CED3D985191D085B00624E6F /* cell_top_tile.png in Resources */,
				CED3D973191D085B00624E6F /* done-checked.png in Resources */,
				CED3D96B191D085B00624E6F /* nko_colormap.png in Resources */,
				CED3D96A191D085B00624E6F /* nko_brightness_guide.png in Resources */,
				CED3D983191D085B00624E6F /* cell_middle.png in Resources */,
				CED3D943191D078A00624E6F /* MainStoryboard.storyboard in Resources */,
				CED3D970191D085B00624E6F /* play-32.png in Resources */,
				CED3D926191D06C400624E6F /* Images.xcassets in Resources */,
				CED3D980191D085B00624E6F /* vheicle.jpg in Resources */,
				CED3D968191D085B00624E6F /* noimage.jpg in Resources */,
				CED3D976191D085B00624E6F /* setting.png in Resources */,
				CED3D978191D085B00624E6F /* Circle_Blue.png in Resources */,
				CED3D96E191D085B00624E6F /* note-26.png in Resources */,
				CED3D979191D085B00624E6F /* Record B.png in Resources */,
				CED3D969191D085B00624E6F /* settings-25.png in Resources */,
				CED3D97D191D085B00624E6F /* media_record.png in Resources */,
				CED3D96C191D085B00624E6F /* slr_camera-24.png in Resources */,
				CED3D918191D06C400624E6F /* InfoPlist.strings in Resources */,
				CED3D972191D085B00624E6F /* ok-26.png in Resources */,
				CED3D97F191D085B00624E6F /* todo.jpg in Resources */,
				CED3D967191D085B00624E6F /* autocompleteButton@2x.png in Resources */,
				CED3D986191D085B00624E6F /* cell_top.png in Resources */,
				CED3D97E191D085B00624E6F /* shopping.jpg in Resources */,
				CED3D987191D085B00624E6F /* cell_top@2x.png in Resources */,
				CED3D971191D085B00624E6F /* marco.png in Resources */,
				CED3D974191D085B00624E6F /* micro-25.png in Resources */,
				CED3D984191D085B00624E6F /* cell_middle@2x.png in Resources */,
				CED3D96D191D085B00624E6F /* slr_small_lens-25.png in Resources */,
				CED3D97B191D085B00624E6F /* notes.jpg in Resources */,
				CED3D975191D085B00624E6F /* micro-32.png in Resources */,
				CED3D97A191D085B00624E6F /* microphone.png in Resources */,
				CED3D977191D085B00624E6F /* icon_settings.png in Resources */,
				CED3D966191D085B00624E6F /* autocompleteButton.png in Resources */,
			);
			runOnlyForDeploymentPostprocessing = 0;
		};
		CED3D929191D06C400624E6F /* Resources */ = {
			isa = PBXResourcesBuildPhase;
			buildActionMask = 2147483647;
			files = (
				CED3D937191D06C400624E6F /* InfoPlist.strings in Resources */,
			);
			runOnlyForDeploymentPostprocessing = 0;
		};
/* End PBXResourcesBuildPhase section */

/* Begin PBXSourcesBuildPhase section */
		CED3D906191D06C400624E6F /* Sources */ = {
			isa = PBXSourcesBuildPhase;
			buildActionMask = 2147483647;
			files = (
				CED3D91E191D06C400624E6F /* AppDelegate.m in Sources */,
				CED3D91A191D06C400624E6F /* main.m in Sources */,
			);
			runOnlyForDeploymentPostprocessing = 0;
		};
		CED3D927191D06C400624E6F /* Sources */ = {
			isa = PBXSourcesBuildPhase;
			buildActionMask = 2147483647;
			files = (
				CED3D939191D06C400624E6F /* PhotoReminderNewTests.m in Sources */,
			);
			runOnlyForDeploymentPostprocessing = 0;
		};
/* End PBXSourcesBuildPhase section */

/* Begin PBXTargetDependency section */
		CED3D931191D06C400624E6F /* PBXTargetDependency */ = {
			isa = PBXTargetDependency;
			target = CED3D909191D06C400624E6F /* PhotoReminderNew */;
			targetProxy = CED3D930191D06C400624E6F /* PBXContainerItemProxy */;
		};
/* End PBXTargetDependency section */

/* Begin PBXVariantGroup section */
		CED3D916191D06C400624E6F /* InfoPlist.strings */ = {
			isa = PBXVariantGroup;
			children = (
				CED3D917191D06C400624E6F /* en */,
			);
			name = InfoPlist.strings;
			sourceTree = "<group>";
		};
		CED3D935191D06C400624E6F /* InfoPlist.strings */ = {
			isa = PBXVariantGroup;
			children = (
				CED3D936191D06C400624E6F /* en */,
			);
			name = InfoPlist.strings;
			sourceTree = "<group>";
		};
/* End PBXVariantGroup section */

/* Begin XCBuildConfiguration section */
		CED3D93A191D06C400624E6F /* Debug */ = {
			isa = XCBuildConfiguration;
			buildSettings = {
				ALWAYS_SEARCH_USER_PATHS = NO;
				CLANG_CXX_LANGUAGE_STANDARD = "gnu++0x";
				CLANG_CXX_LIBRARY = "libc++";
				CLANG_ENABLE_MODULES = YES;
				CLANG_ENABLE_OBJC_ARC = YES;
				CLANG_WARN_BOOL_CONVERSION = YES;
				CLANG_WARN_CONSTANT_CONVERSION = YES;
				CLANG_WARN_DIRECT_OBJC_ISA_USAGE = YES_ERROR;
				CLANG_WARN_EMPTY_BODY = YES;
				CLANG_WARN_ENUM_CONVERSION = YES;
				CLANG_WARN_INT_CONVERSION = YES;
				CLANG_WARN_OBJC_ROOT_CLASS = YES_ERROR;
				CLANG_WARN__DUPLICATE_METHOD_MATCH = YES;
				"CODE_SIGN_IDENTITY[sdk=iphoneos*]" = "iPhone Developer";
				COPY_PHASE_STRIP = NO;
				GCC_C_LANGUAGE_STANDARD = gnu99;
				GCC_DYNAMIC_NO_PIC = NO;
				GCC_OPTIMIZATION_LEVEL = 0;
				GCC_PREPROCESSOR_DEFINITIONS = (
					"DEBUG=1",
					"$(inherited)",
				);
				GCC_SYMBOLS_PRIVATE_EXTERN = NO;
				GCC_WARN_64_TO_32_BIT_CONVERSION = YES;
				GCC_WARN_ABOUT_RETURN_TYPE = YES_ERROR;
				GCC_WARN_UNDECLARED_SELECTOR = YES;
				GCC_WARN_UNINITIALIZED_AUTOS = YES_AGGRESSIVE;
				GCC_WARN_UNUSED_FUNCTION = YES;
				GCC_WARN_UNUSED_VARIABLE = YES;
				IPHONEOS_DEPLOYMENT_TARGET = 7.1;
				ONLY_ACTIVE_ARCH = YES;
				SDKROOT = iphoneos;
			};
			name = Debug;
		};
		CED3D93B191D06C400624E6F /* Release */ = {
			isa = XCBuildConfiguration;
			buildSettings = {
				ALWAYS_SEARCH_USER_PATHS = NO;
				CLANG_CXX_LANGUAGE_STANDARD = "gnu++0x";
				CLANG_CXX_LIBRARY = "libc++";
				CLANG_ENABLE_MODULES = YES;
				CLANG_ENABLE_OBJC_ARC = YES;
				CLANG_WARN_BOOL_CONVERSION = YES;
				CLANG_WARN_CONSTANT_CONVERSION = YES;
				CLANG_WARN_DIRECT_OBJC_ISA_USAGE = YES_ERROR;
				CLANG_WARN_EMPTY_BODY = YES;
				CLANG_WARN_ENUM_CONVERSION = YES;
				CLANG_WARN_INT_CONVERSION = YES;
				CLANG_WARN_OBJC_ROOT_CLASS = YES_ERROR;
				CLANG_WARN__DUPLICATE_METHOD_MATCH = YES;
				"CODE_SIGN_IDENTITY[sdk=iphoneos*]" = "iPhone Developer";
				COPY_PHASE_STRIP = YES;
				ENABLE_NS_ASSERTIONS = NO;
				GCC_C_LANGUAGE_STANDARD = gnu99;
				GCC_WARN_64_TO_32_BIT_CONVERSION = YES;
				GCC_WARN_ABOUT_RETURN_TYPE = YES_ERROR;
				GCC_WARN_UNDECLARED_SELECTOR = YES;
				GCC_WARN_UNINITIALIZED_AUTOS = YES_AGGRESSIVE;
				GCC_WARN_UNUSED_FUNCTION = YES;
				GCC_WARN_UNUSED_VARIABLE = YES;
				IPHONEOS_DEPLOYMENT_TARGET = 7.1;
				SDKROOT = iphoneos;
				VALIDATE_PRODUCT = YES;
			};
			name = Release;
		};
		CED3D93D191D06C400624E6F /* Debug */ = {
			isa = XCBuildConfiguration;
			buildSettings = {
				ASSETCATALOG_COMPILER_APPICON_NAME = AppIcon;
				ASSETCATALOG_COMPILER_LAUNCHIMAGE_NAME = LaunchImage;
				GCC_PRECOMPILE_PREFIX_HEADER = YES;
				GCC_PREFIX_HEADER = "PhotoReminderNew/PhotoReminderNew-Prefix.pch";
				INFOPLIST_FILE = "PhotoReminderNew/PhotoReminderNew-Info.plist";
				IPHONEOS_DEPLOYMENT_TARGET = 6.0;
				PRODUCT_NAME = "$(TARGET_NAME)";
				WRAPPER_EXTENSION = app;
			};
			name = Debug;
		};
		CED3D93E191D06C400624E6F /* Release */ = {
			isa = XCBuildConfiguration;
			buildSettings = {
				ASSETCATALOG_COMPILER_APPICON_NAME = AppIcon;
				ASSETCATALOG_COMPILER_LAUNCHIMAGE_NAME = LaunchImage;
				GCC_PRECOMPILE_PREFIX_HEADER = YES;
				GCC_PREFIX_HEADER = "PhotoReminderNew/PhotoReminderNew-Prefix.pch";
				INFOPLIST_FILE = "PhotoReminderNew/PhotoReminderNew-Info.plist";
				IPHONEOS_DEPLOYMENT_TARGET = 6.0;
				PRODUCT_NAME = "$(TARGET_NAME)";
				WRAPPER_EXTENSION = app;
			};
			name = Release;
		};
		CED3D940191D06C400624E6F /* Debug */ = {
			isa = XCBuildConfiguration;
			buildSettings = {
				BUNDLE_LOADER = "$(BUILT_PRODUCTS_DIR)/PhotoReminderNew.app/PhotoReminderNew";
				FRAMEWORK_SEARCH_PATHS = (
					"$(SDKROOT)/Developer/Library/Frameworks",
					"$(inherited)",
					"$(DEVELOPER_FRAMEWORKS_DIR)",
				);
				GCC_PRECOMPILE_PREFIX_HEADER = YES;
				GCC_PREFIX_HEADER = "PhotoReminderNew/PhotoReminderNew-Prefix.pch";
				GCC_PREPROCESSOR_DEFINITIONS = (
					"DEBUG=1",
					"$(inherited)",
				);
				INFOPLIST_FILE = "PhotoReminderNewTests/PhotoReminderNewTests-Info.plist";
				PRODUCT_NAME = "$(TARGET_NAME)";
				TEST_HOST = "$(BUNDLE_LOADER)";
				WRAPPER_EXTENSION = xctest;
			};
			name = Debug;
		};
		CED3D941191D06C400624E6F /* Release */ = {
			isa = XCBuildConfiguration;
			buildSettings = {
				BUNDLE_LOADER = "$(BUILT_PRODUCTS_DIR)/PhotoReminderNew.app/PhotoReminderNew";
				FRAMEWORK_SEARCH_PATHS = (
					"$(SDKROOT)/Developer/Library/Frameworks",
					"$(inherited)",
					"$(DEVELOPER_FRAMEWORKS_DIR)",
				);
				GCC_PRECOMPILE_PREFIX_HEADER = YES;
				GCC_PREFIX_HEADER = "PhotoReminderNew/PhotoReminderNew-Prefix.pch";
				INFOPLIST_FILE = "PhotoReminderNewTests/PhotoReminderNewTests-Info.plist";
				PRODUCT_NAME = "$(TARGET_NAME)";
				TEST_HOST = "$(BUNDLE_LOADER)";
				WRAPPER_EXTENSION = xctest;
			};
			name = Release;
		};
/* End XCBuildConfiguration section */

/* Begin XCConfigurationList section */
		CED3D905191D06C400624E6F /* Build configuration list for PBXProject "PhotoReminderNew" */ = {
			isa = XCConfigurationList;
			buildConfigurations = (
				CED3D93A191D06C400624E6F /* Debug */,
				CED3D93B191D06C400624E6F /* Release */,
			);
			defaultConfigurationIsVisible = 0;
			defaultConfigurationName = Release;
		};
		CED3D93C191D06C400624E6F /* Build configuration list for PBXNativeTarget "PhotoReminderNew" */ = {
			isa = XCConfigurationList;
			buildConfigurations = (
				CED3D93D191D06C400624E6F /* Debug */,
				CED3D93E191D06C400624E6F /* Release */,
			);
			defaultConfigurationIsVisible = 0;
		};
		CED3D93F191D06C400624E6F /* Build configuration list for PBXNativeTarget "PhotoReminderNewTests" */ = {
			isa = XCConfigurationList;
			buildConfigurations = (
				CED3D940191D06C400624E6F /* Debug */,
				CED3D941191D06C400624E6F /* Release */,
			);
			defaultConfigurationIsVisible = 0;
		};
/* End XCConfigurationList section */
	};
	rootObject = CED3D902191D06C400624E6F /* Project object */;
}
